
Microsoft Visual Studio Solution File, Format Version 12.00
# Visual Studio 14
VisualStudioVersion = 14.0.23107.0
MinimumVisualStudioVersion = 10.0.40219.1
Project("{FAE04EC0-301F-11D3-BF4B-00C04F79EFBC}") = "App1", "App1\App1\App1.csproj", "{C2CD1723-AF40-4042-A72D-57EAA7719F1D}"
EndProject
Project("{FAE04EC0-301F-11D3-BF4B-00C04F79EFBC}") = "App1.iOS", "App1\App1.iOS\App1.iOS.csproj", "{819908CE-8559-4BF9-8662-C989018769D7}"
EndProject
Project("{FAE04EC0-301F-11D3-BF4B-00C04F79EFBC}") = "App1.Droid", "App1\App1.Droid\App1.Droid.csproj", "{DA86470E-FA96-4036-BDA4-C10C7EC180CF}"
EndProject
Project("{FAE04EC0-301F-11D3-BF4B-00C04F79EFBC}") = "App1.WinPhone", "App1\App1.WinPhone\App1.WinPhone.csproj", "{3BE5E8D9-3871-4F1B-A789-346BC0E37773}"
EndProject
Project("{2150E333-8FDC-42A3-9474-1A3956D46DE8}") = "Targets", "Targets", "{8CC56176-CAEC-4D0F-84A2-48249D240F65}"
EndProject
Project("{FAE04EC0-301F-11D3-BF4B-00C04F79EFBC}") = "App2XAML", "App2XAML\App2XAML\App2XAML.csproj", "{1847810E-E630-4344-A24A-6162F03CC1BF}"
EndProject
Project("{FAE04EC0-301F-11D3-BF4B-00C04F79EFBC}") = "App2XAML.iOS", "App2XAML\App2XAML.iOS\App2XAML.iOS.csproj", "{DCFDD6BD-EEAC-48DD-8C63-099D6312B36F}"
EndProject
Project("{FAE04EC0-301F-11D3-BF4B-00C04F79EFBC}") = "App2XAML.Droid", "App2XAML\App2XAML.Droid\App2XAML.Droid.csproj", "{8C9075AC-2974-4FB4-8F69-1142042BEB38}"
EndProject
Project("{FAE04EC0-301F-11D3-BF4B-00C04F79EFBC}") = "App2XAML.WinPhone", "App2XAML\App2XAML.WinPhone\App2XAML.WinPhone.csproj", "{A1CF5469-4F4C-48B0-B721-5049C0770D4B}"
EndProject
Project("{2150E333-8FDC-42A3-9474-1A3956D46DE8}") = "TargetsApp2XAML", "TargetsApp2XAML", "{99DDD8BA-46FE-435C-B0BE-0D797AF03AA4}"
EndProject
Global
	GlobalSection(SolutionConfigurationPlatforms) = preSolution
		Ad-Hoc|Any CPU = Ad-Hoc|Any CPU
		Ad-Hoc|ARM = Ad-Hoc|ARM
		Ad-Hoc|iPhone = Ad-Hoc|iPhone
		Ad-Hoc|iPhoneSimulator = Ad-Hoc|iPhoneSimulator
		Ad-Hoc|x86 = Ad-Hoc|x86
		AppStore|Any CPU = AppStore|Any CPU
		AppStore|ARM = AppStore|ARM
		AppStore|iPhone = AppStore|iPhone
		AppStore|iPhoneSimulator = AppStore|iPhoneSimulator
		AppStore|x86 = AppStore|x86
		Debug|Any CPU = Debug|Any CPU
		Debug|ARM = Debug|ARM
		Debug|iPhone = Debug|iPhone
		Debug|iPhoneSimulator = Debug|iPhoneSimulator
		Debug|x86 = Debug|x86
		Release|Any CPU = Release|Any CPU
		Release|ARM = Release|ARM
		Release|iPhone = Release|iPhone
		Release|iPhoneSimulator = Release|iPhoneSimulator
		Release|x86 = Release|x86
	EndGlobalSection
	GlobalSection(ProjectConfigurationPlatforms) = postSolution
		{C2CD1723-AF40-4042-A72D-57EAA7719F1D}.Ad-Hoc|Any CPU.ActiveCfg = Release|Any CPU
		{C2CD1723-AF40-4042-A72D-57EAA7719F1D}.Ad-Hoc|Any CPU.Build.0 = Release|Any CPU
		{C2CD1723-AF40-4042-A72D-57EAA7719F1D}.Ad-Hoc|ARM.ActiveCfg = Release|Any CPU
		{C2CD1723-AF40-4042-A72D-57EAA7719F1D}.Ad-Hoc|ARM.Build.0 = Release|Any CPU
		{C2CD1723-AF40-4042-A72D-57EAA7719F1D}.Ad-Hoc|iPhone.ActiveCfg = Release|Any CPU
		{C2CD1723-AF40-4042-A72D-57EAA7719F1D}.Ad-Hoc|iPhone.Build.0 = Release|Any CPU
		{C2CD1723-AF40-4042-A72D-57EAA7719F1D}.Ad-Hoc|iPhoneSimulator.ActiveCfg = Release|Any CPU
		{C2CD1723-AF40-4042-A72D-57EAA7719F1D}.Ad-Hoc|iPhoneSimulator.Build.0 = Release|Any CPU
		{C2CD1723-AF40-4042-A72D-57EAA7719F1D}.Ad-Hoc|x86.ActiveCfg = Release|Any CPU
		{C2CD1723-AF40-4042-A72D-57EAA7719F1D}.Ad-Hoc|x86.Build.0 = Release|Any CPU
		{C2CD1723-AF40-4042-A72D-57EAA7719F1D}.AppStore|Any CPU.ActiveCfg = Release|Any CPU
		{C2CD1723-AF40-4042-A72D-57EAA7719F1D}.AppStore|Any CPU.Build.0 = Release|Any CPU
		{C2CD1723-AF40-4042-A72D-57EAA7719F1D}.AppStore|ARM.ActiveCfg = Release|Any CPU
		{C2CD1723-AF40-4042-A72D-57EAA7719F1D}.AppStore|ARM.Build.0 = Release|Any CPU
		{C2CD1723-AF40-4042-A72D-57EAA7719F1D}.AppStore|iPhone.ActiveCfg = Release|Any CPU
		{C2CD1723-AF40-4042-A72D-57EAA7719F1D}.AppStore|iPhone.Build.0 = Release|Any CPU
		{C2CD1723-AF40-4042-A72D-57EAA7719F1D}.AppStore|iPhoneSimulator.ActiveCfg = Release|Any CPU
		{C2CD1723-AF40-4042-A72D-57EAA7719F1D}.AppStore|iPhoneSimulator.Build.0 = Release|Any CPU
		{C2CD1723-AF40-4042-A72D-57EAA7719F1D}.AppStore|x86.ActiveCfg = Release|Any CPU
		{C2CD1723-AF40-4042-A72D-57EAA7719F1D}.AppStore|x86.Build.0 = Release|Any CPU
		{C2CD1723-AF40-4042-A72D-57EAA7719F1D}.Debug|Any CPU.ActiveCfg = Debug|Any CPU
		{C2CD1723-AF40-4042-A72D-57EAA7719F1D}.Debug|Any CPU.Build.0 = Debug|Any CPU
		{C2CD1723-AF40-4042-A72D-57EAA7719F1D}.Debug|ARM.ActiveCfg = Debug|Any CPU
		{C2CD1723-AF40-4042-A72D-57EAA7719F1D}.Debug|ARM.Build.0 = Debug|Any CPU
		{C2CD1723-AF40-4042-A72D-57EAA7719F1D}.Debug|iPhone.ActiveCfg = Debug|Any CPU
		{C2CD1723-AF40-4042-A72D-57EAA7719F1D}.Debug|iPhone.Build.0 = Debug|Any CPU
		{C2CD1723-AF40-4042-A72D-57EAA7719F1D}.Debug|iPhoneSimulator.ActiveCfg = Debug|Any CPU
		{C2CD1723-AF40-4042-A72D-57EAA7719F1D}.Debug|iPhoneSimulator.Build.0 = Debug|Any CPU
		{C2CD1723-AF40-4042-A72D-57EAA7719F1D}.Debug|x86.ActiveCfg = Debug|Any CPU
		{C2CD1723-AF40-4042-A72D-57EAA7719F1D}.Debug|x86.Build.0 = Debug|Any CPU
		{C2CD1723-AF40-4042-A72D-57EAA7719F1D}.Release|Any CPU.ActiveCfg = Release|Any CPU
		{C2CD1723-AF40-4042-A72D-57EAA7719F1D}.Release|Any CPU.Build.0 = Release|Any CPU
		{C2CD1723-AF40-4042-A72D-57EAA7719F1D}.Release|ARM.ActiveCfg = Release|Any CPU
		{C2CD1723-AF40-4042-A72D-57EAA7719F1D}.Release|ARM.Build.0 = Release|Any CPU
		{C2CD1723-AF40-4042-A72D-57EAA7719F1D}.Release|iPhone.ActiveCfg = Release|Any CPU
		{C2CD1723-AF40-4042-A72D-57EAA7719F1D}.Release|iPhone.Build.0 = Release|Any CPU
		{C2CD1723-AF40-4042-A72D-57EAA7719F1D}.Release|iPhoneSimulator.ActiveCfg = Release|Any CPU
		{C2CD1723-AF40-4042-A72D-57EAA7719F1D}.Release|iPhoneSimulator.Build.0 = Release|Any CPU
		{C2CD1723-AF40-4042-A72D-57EAA7719F1D}.Release|x86.ActiveCfg = Release|Any CPU
		{C2CD1723-AF40-4042-A72D-57EAA7719F1D}.Release|x86.Build.0 = Release|Any CPU
		{819908CE-8559-4BF9-8662-C989018769D7}.Ad-Hoc|Any CPU.ActiveCfg = Ad-Hoc|iPhone
		{819908CE-8559-4BF9-8662-C989018769D7}.Ad-Hoc|ARM.ActiveCfg = Ad-Hoc|iPhone
		{819908CE-8559-4BF9-8662-C989018769D7}.Ad-Hoc|iPhone.ActiveCfg = Ad-Hoc|iPhone
		{819908CE-8559-4BF9-8662-C989018769D7}.Ad-Hoc|iPhone.Build.0 = Ad-Hoc|iPhone
		{819908CE-8559-4BF9-8662-C989018769D7}.Ad-Hoc|iPhoneSimulator.ActiveCfg = Ad-Hoc|iPhoneSimulator
		{819908CE-8559-4BF9-8662-C989018769D7}.Ad-Hoc|iPhoneSimulator.Build.0 = Ad-Hoc|iPhoneSimulator
		{819908CE-8559-4BF9-8662-C989018769D7}.Ad-Hoc|x86.ActiveCfg = Ad-Hoc|iPhone
		{819908CE-8559-4BF9-8662-C989018769D7}.AppStore|Any CPU.ActiveCfg = AppStore|iPhone
		{819908CE-8559-4BF9-8662-C989018769D7}.AppStore|ARM.ActiveCfg = AppStore|iPhone
		{819908CE-8559-4BF9-8662-C989018769D7}.AppStore|iPhone.ActiveCfg = AppStore|iPhone
		{819908CE-8559-4BF9-8662-C989018769D7}.AppStore|iPhone.Build.0 = AppStore|iPhone
		{819908CE-8559-4BF9-8662-C989018769D7}.AppStore|iPhoneSimulator.ActiveCfg = AppStore|iPhoneSimulator
		{819908CE-8559-4BF9-8662-C989018769D7}.AppStore|iPhoneSimulator.Build.0 = AppStore|iPhoneSimulator
		{819908CE-8559-4BF9-8662-C989018769D7}.AppStore|x86.ActiveCfg = AppStore|iPhone
		{819908CE-8559-4BF9-8662-C989018769D7}.Debug|Any CPU.ActiveCfg = Debug|iPhone
		{819908CE-8559-4BF9-8662-C989018769D7}.Debug|ARM.ActiveCfg = Debug|iPhone
		{819908CE-8559-4BF9-8662-C989018769D7}.Debug|iPhone.ActiveCfg = Debug|iPhone
		{819908CE-8559-4BF9-8662-C989018769D7}.Debug|iPhone.Build.0 = Debug|iPhone
		{819908CE-8559-4BF9-8662-C989018769D7}.Debug|iPhoneSimulator.ActiveCfg = Debug|iPhoneSimulator
		{819908CE-8559-4BF9-8662-C989018769D7}.Debug|iPhoneSimulator.Build.0 = Debug|iPhoneSimulator
		{819908CE-8559-4BF9-8662-C989018769D7}.Debug|x86.ActiveCfg = Debug|iPhone
		{819908CE-8559-4BF9-8662-C989018769D7}.Release|Any CPU.ActiveCfg = Release|iPhone
		{819908CE-8559-4BF9-8662-C989018769D7}.Release|ARM.ActiveCfg = Release|iPhone
		{819908CE-8559-4BF9-8662-C989018769D7}.Release|iPhone.ActiveCfg = Release|iPhone
		{819908CE-8559-4BF9-8662-C989018769D7}.Release|iPhone.Build.0 = Release|iPhone
		{819908CE-8559-4BF9-8662-C989018769D7}.Release|iPhoneSimulator.ActiveCfg = Release|iPhoneSimulator
		{819908CE-8559-4BF9-8662-C989018769D7}.Release|iPhoneSimulator.Build.0 = Release|iPhoneSimulator
		{819908CE-8559-4BF9-8662-C989018769D7}.Release|x86.ActiveCfg = Release|iPhone
		{DA86470E-FA96-4036-BDA4-C10C7EC180CF}.Ad-Hoc|Any CPU.ActiveCfg = Release|Any CPU
		{DA86470E-FA96-4036-BDA4-C10C7EC180CF}.Ad-Hoc|Any CPU.Build.0 = Release|Any CPU
		{DA86470E-FA96-4036-BDA4-C10C7EC180CF}.Ad-Hoc|Any CPU.Deploy.0 = Release|Any CPU
		{DA86470E-FA96-4036-BDA4-C10C7EC180CF}.Ad-Hoc|ARM.ActiveCfg = Release|Any CPU
		{DA86470E-FA96-4036-BDA4-C10C7EC180CF}.Ad-Hoc|ARM.Build.0 = Release|Any CPU
		{DA86470E-FA96-4036-BDA4-C10C7EC180CF}.Ad-Hoc|ARM.Deploy.0 = Release|Any CPU
		{DA86470E-FA96-4036-BDA4-C10C7EC180CF}.Ad-Hoc|iPhone.ActiveCfg = Release|Any CPU
		{DA86470E-FA96-4036-BDA4-C10C7EC180CF}.Ad-Hoc|iPhone.Build.0 = Release|Any CPU
		{DA86470E-FA96-4036-BDA4-C10C7EC180CF}.Ad-Hoc|iPhone.Deploy.0 = Release|Any CPU
		{DA86470E-FA96-4036-BDA4-C10C7EC180CF}.Ad-Hoc|iPhoneSimulator.ActiveCfg = Release|Any CPU
		{DA86470E-FA96-4036-BDA4-C10C7EC180CF}.Ad-Hoc|iPhoneSimulator.Build.0 = Release|Any CPU
		{DA86470E-FA96-4036-BDA4-C10C7EC180CF}.Ad-Hoc|iPhoneSimulator.Deploy.0 = Release|Any CPU
		{DA86470E-FA96-4036-BDA4-C10C7EC180CF}.Ad-Hoc|x86.ActiveCfg = Release|Any CPU
		{DA86470E-FA96-4036-BDA4-C10C7EC180CF}.Ad-Hoc|x86.Build.0 = Release|Any CPU
		{DA86470E-FA96-4036-BDA4-C10C7EC180CF}.Ad-Hoc|x86.Deploy.0 = Release|Any CPU
		{DA86470E-FA96-4036-BDA4-C10C7EC180CF}.AppStore|Any CPU.ActiveCfg = Release|Any CPU
		{DA86470E-FA96-4036-BDA4-C10C7EC180CF}.AppStore|Any CPU.Build.0 = Release|Any CPU
		{DA86470E-FA96-4036-BDA4-C10C7EC180CF}.AppStore|Any CPU.Deploy.0 = Release|Any CPU
		{DA86470E-FA96-4036-BDA4-C10C7EC180CF}.AppStore|ARM.ActiveCfg = Release|Any CPU
		{DA86470E-FA96-4036-BDA4-C10C7EC180CF}.AppStore|ARM.Build.0 = Release|Any CPU
		{DA86470E-FA96-4036-BDA4-C10C7EC180CF}.AppStore|ARM.Deploy.0 = Release|Any CPU
		{DA86470E-FA96-4036-BDA4-C10C7EC180CF}.AppStore|iPhone.ActiveCfg = Release|Any CPU
		{DA86470E-FA96-4036-BDA4-C10C7EC180CF}.AppStore|iPhone.Build.0 = Release|Any CPU
		{DA86470E-FA96-4036-BDA4-C10C7EC180CF}.AppStore|iPhone.Deploy.0 = Release|Any CPU
		{DA86470E-FA96-4036-BDA4-C10C7EC180CF}.AppStore|iPhoneSimulator.ActiveCfg = Release|Any CPU
		{DA86470E-FA96-4036-BDA4-C10C7EC180CF}.AppStore|iPhoneSimulator.Build.0 = Release|Any CPU
		{DA86470E-FA96-4036-BDA4-C10C7EC180CF}.AppStore|iPhoneSimulator.Deploy.0 = Release|Any CPU
		{DA86470E-FA96-4036-BDA4-C10C7EC180CF}.AppStore|x86.ActiveCfg = Release|Any CPU
		{DA86470E-FA96-4036-BDA4-C10C7EC180CF}.AppStore|x86.Build.0 = Release|Any CPU
		{DA86470E-FA96-4036-BDA4-C10C7EC180CF}.AppStore|x86.Deploy.0 = Release|Any CPU
		{DA86470E-FA96-4036-BDA4-C10C7EC180CF}.Debug|Any CPU.ActiveCfg = Debug|Any CPU
		{DA86470E-FA96-4036-BDA4-C10C7EC180CF}.Debug|Any CPU.Build.0 = Debug|Any CPU
		{DA86470E-FA96-4036-BDA4-C10C7EC180CF}.Debug|Any CPU.Deploy.0 = Debug|Any CPU
		{DA86470E-FA96-4036-BDA4-C10C7EC180CF}.Debug|ARM.ActiveCfg = Debug|Any CPU
		{DA86470E-FA96-4036-BDA4-C10C7EC180CF}.Debug|ARM.Build.0 = Debug|Any CPU
		{DA86470E-FA96-4036-BDA4-C10C7EC180CF}.Debug|ARM.Deploy.0 = Debug|Any CPU
		{DA86470E-FA96-4036-BDA4-C10C7EC180CF}.Debug|iPhone.ActiveCfg = Debug|Any CPU
		{DA86470E-FA96-4036-BDA4-C10C7EC180CF}.Debug|iPhone.Build.0 = Debug|Any CPU
		{DA86470E-FA96-4036-BDA4-C10C7EC180CF}.Debug|iPhone.Deploy.0 = Debug|Any CPU
		{DA86470E-FA96-4036-BDA4-C10C7EC180CF}.Debug|iPhoneSimulator.ActiveCfg = Debug|Any CPU
		{DA86470E-FA96-4036-BDA4-C10C7EC180CF}.Debug|iPhoneSimulator.Build.0 = Debug|Any CPU
		{DA86470E-FA96-4036-BDA4-C10C7EC180CF}.Debug|iPhoneSimulator.Deploy.0 = Debug|Any CPU
		{DA86470E-FA96-4036-BDA4-C10C7EC180CF}.Debug|x86.ActiveCfg = Debug|Any CPU
		{DA86470E-FA96-4036-BDA4-C10C7EC180CF}.Debug|x86.Build.0 = Debug|Any CPU
		{DA86470E-FA96-4036-BDA4-C10C7EC180CF}.Debug|x86.Deploy.0 = Debug|Any CPU
		{DA86470E-FA96-4036-BDA4-C10C7EC180CF}.Release|Any CPU.ActiveCfg = Release|Any CPU
		{DA86470E-FA96-4036-BDA4-C10C7EC180CF}.Release|Any CPU.Build.0 = Release|Any CPU
		{DA86470E-FA96-4036-BDA4-C10C7EC180CF}.Release|Any CPU.Deploy.0 = Release|Any CPU
		{DA86470E-FA96-4036-BDA4-C10C7EC180CF}.Release|ARM.ActiveCfg = Release|Any CPU
		{DA86470E-FA96-4036-BDA4-C10C7EC180CF}.Release|ARM.Build.0 = Release|Any CPU
		{DA86470E-FA96-4036-BDA4-C10C7EC180CF}.Release|ARM.Deploy.0 = Release|Any CPU
		{DA86470E-FA96-4036-BDA4-C10C7EC180CF}.Release|iPhone.ActiveCfg = Release|Any CPU
		{DA86470E-FA96-4036-BDA4-C10C7EC180CF}.Release|iPhone.Build.0 = Release|Any CPU
		{DA86470E-FA96-4036-BDA4-C10C7EC180CF}.Release|iPhone.Deploy.0 = Release|Any CPU
		{DA86470E-FA96-4036-BDA4-C10C7EC180CF}.Release|iPhoneSimulator.ActiveCfg = Release|Any CPU
		{DA86470E-FA96-4036-BDA4-C10C7EC180CF}.Release|iPhoneSimulator.Build.0 = Release|Any CPU
		{DA86470E-FA96-4036-BDA4-C10C7EC180CF}.Release|iPhoneSimulator.Deploy.0 = Release|Any CPU
		{DA86470E-FA96-4036-BDA4-C10C7EC180CF}.Release|x86.ActiveCfg = Release|Any CPU
		{DA86470E-FA96-4036-BDA4-C10C7EC180CF}.Release|x86.Build.0 = Release|Any CPU
		{DA86470E-FA96-4036-BDA4-C10C7EC180CF}.Release|x86.Deploy.0 = Release|Any CPU
		{3BE5E8D9-3871-4F1B-A789-346BC0E37773}.Ad-Hoc|Any CPU.ActiveCfg = Release|Any CPU
		{3BE5E8D9-3871-4F1B-A789-346BC0E37773}.Ad-Hoc|Any CPU.Build.0 = Release|Any CPU
		{3BE5E8D9-3871-4F1B-A789-346BC0E37773}.Ad-Hoc|Any CPU.Deploy.0 = Release|Any CPU
		{3BE5E8D9-3871-4F1B-A789-346BC0E37773}.Ad-Hoc|ARM.ActiveCfg = Release|ARM
		{3BE5E8D9-3871-4F1B-A789-346BC0E37773}.Ad-Hoc|ARM.Build.0 = Release|ARM
		{3BE5E8D9-3871-4F1B-A789-346BC0E37773}.Ad-Hoc|ARM.Deploy.0 = Release|ARM
		{3BE5E8D9-3871-4F1B-A789-346BC0E37773}.Ad-Hoc|iPhone.ActiveCfg = Release|Any CPU
		{3BE5E8D9-3871-4F1B-A789-346BC0E37773}.Ad-Hoc|iPhone.Build.0 = Release|Any CPU
		{3BE5E8D9-3871-4F1B-A789-346BC0E37773}.Ad-Hoc|iPhone.Deploy.0 = Release|Any CPU
		{3BE5E8D9-3871-4F1B-A789-346BC0E37773}.Ad-Hoc|iPhoneSimulator.ActiveCfg = Release|Any CPU
		{3BE5E8D9-3871-4F1B-A789-346BC0E37773}.Ad-Hoc|iPhoneSimulator.Build.0 = Release|Any CPU
		{3BE5E8D9-3871-4F1B-A789-346BC0E37773}.Ad-Hoc|iPhoneSimulator.Deploy.0 = Release|Any CPU
		{3BE5E8D9-3871-4F1B-A789-346BC0E37773}.Ad-Hoc|x86.ActiveCfg = Release|x86
		{3BE5E8D9-3871-4F1B-A789-346BC0E37773}.Ad-Hoc|x86.Build.0 = Release|x86
		{3BE5E8D9-3871-4F1B-A789-346BC0E37773}.Ad-Hoc|x86.Deploy.0 = Release|x86
		{3BE5E8D9-3871-4F1B-A789-346BC0E37773}.AppStore|Any CPU.ActiveCfg = Release|Any CPU
		{3BE5E8D9-3871-4F1B-A789-346BC0E37773}.AppStore|Any CPU.Build.0 = Release|Any CPU
		{3BE5E8D9-3871-4F1B-A789-346BC0E37773}.AppStore|Any CPU.Deploy.0 = Release|Any CPU
		{3BE5E8D9-3871-4F1B-A789-346BC0E37773}.AppStore|ARM.ActiveCfg = Release|ARM
		{3BE5E8D9-3871-4F1B-A789-346BC0E37773}.AppStore|ARM.Build.0 = Release|ARM
		{3BE5E8D9-3871-4F1B-A789-346BC0E37773}.AppStore|ARM.Deploy.0 = Release|ARM
		{3BE5E8D9-3871-4F1B-A789-346BC0E37773}.AppStore|iPhone.ActiveCfg = Release|Any CPU
		{3BE5E8D9-3871-4F1B-A789-346BC0E37773}.AppStore|iPhone.Build.0 = Release|Any CPU
		{3BE5E8D9-3871-4F1B-A789-346BC0E37773}.AppStore|iPhone.Deploy.0 = Release|Any CPU
		{3BE5E8D9-3871-4F1B-A789-346BC0E37773}.AppStore|iPhoneSimulator.ActiveCfg = Release|Any CPU
		{3BE5E8D9-3871-4F1B-A789-346BC0E37773}.AppStore|iPhoneSimulator.Build.0 = Release|Any CPU
		{3BE5E8D9-3871-4F1B-A789-346BC0E37773}.AppStore|iPhoneSimulator.Deploy.0 = Release|Any CPU
		{3BE5E8D9-3871-4F1B-A789-346BC0E37773}.AppStore|x86.ActiveCfg = Release|x86
		{3BE5E8D9-3871-4F1B-A789-346BC0E37773}.AppStore|x86.Build.0 = Release|x86
		{3BE5E8D9-3871-4F1B-A789-346BC0E37773}.AppStore|x86.Deploy.0 = Release|x86
		{3BE5E8D9-3871-4F1B-A789-346BC0E37773}.Debug|Any CPU.ActiveCfg = Debug|Any CPU
		{3BE5E8D9-3871-4F1B-A789-346BC0E37773}.Debug|Any CPU.Build.0 = Debug|Any CPU
		{3BE5E8D9-3871-4F1B-A789-346BC0E37773}.Debug|Any CPU.Deploy.0 = Debug|Any CPU
		{3BE5E8D9-3871-4F1B-A789-346BC0E37773}.Debug|ARM.ActiveCfg = Debug|ARM
		{3BE5E8D9-3871-4F1B-A789-346BC0E37773}.Debug|iPhone.ActiveCfg = Debug|Any CPU
		{3BE5E8D9-3871-4F1B-A789-346BC0E37773}.Debug|iPhone.Build.0 = Debug|Any CPU
		{3BE5E8D9-3871-4F1B-A789-346BC0E37773}.Debug|iPhone.Deploy.0 = Debug|Any CPU
		{3BE5E8D9-3871-4F1B-A789-346BC0E37773}.Debug|iPhoneSimulator.ActiveCfg = Debug|Any CPU
		{3BE5E8D9-3871-4F1B-A789-346BC0E37773}.Debug|iPhoneSimulator.Build.0 = Debug|Any CPU
		{3BE5E8D9-3871-4F1B-A789-346BC0E37773}.Debug|iPhoneSimulator.Deploy.0 = Debug|Any CPU
		{3BE5E8D9-3871-4F1B-A789-346BC0E37773}.Debug|x86.ActiveCfg = Debug|x86
		{3BE5E8D9-3871-4F1B-A789-346BC0E37773}.Debug|x86.Build.0 = Debug|x86
		{3BE5E8D9-3871-4F1B-A789-346BC0E37773}.Debug|x86.Deploy.0 = Debug|x86
		{3BE5E8D9-3871-4F1B-A789-346BC0E37773}.Release|Any CPU.ActiveCfg = Release|Any CPU
		{3BE5E8D9-3871-4F1B-A789-346BC0E37773}.Release|Any CPU.Build.0 = Release|Any CPU
		{3BE5E8D9-3871-4F1B-A789-346BC0E37773}.Release|Any CPU.Deploy.0 = Release|Any CPU
		{3BE5E8D9-3871-4F1B-A789-346BC0E37773}.Release|ARM.ActiveCfg = Release|ARM
		{3BE5E8D9-3871-4F1B-A789-346BC0E37773}.Release|ARM.Build.0 = Release|ARM
		{3BE5E8D9-3871-4F1B-A789-346BC0E37773}.Release|ARM.Deploy.0 = Release|ARM
		{3BE5E8D9-3871-4F1B-A789-346BC0E37773}.Release|iPhone.ActiveCfg = Release|Any CPU
		{3BE5E8D9-3871-4F1B-A789-346BC0E37773}.Release|iPhone.Build.0 = Release|Any CPU
		{3BE5E8D9-3871-4F1B-A789-346BC0E37773}.Release|iPhone.Deploy.0 = Release|Any CPU
		{3BE5E8D9-3871-4F1B-A789-346BC0E37773}.Release|iPhoneSimulator.ActiveCfg = Release|Any CPU
		{3BE5E8D9-3871-4F1B-A789-346BC0E37773}.Release|iPhoneSimulator.Build.0 = Release|Any CPU
		{3BE5E8D9-3871-4F1B-A789-346BC0E37773}.Release|iPhoneSimulator.Deploy.0 = Release|Any CPU
		{3BE5E8D9-3871-4F1B-A789-346BC0E37773}.Release|x86.ActiveCfg = Release|x86
		{3BE5E8D9-3871-4F1B-A789-346BC0E37773}.Release|x86.Build.0 = Release|x86
		{3BE5E8D9-3871-4F1B-A789-346BC0E37773}.Release|x86.Deploy.0 = Release|x86
		{1847810E-E630-4344-A24A-6162F03CC1BF}.Ad-Hoc|Any CPU.ActiveCfg = Release|Any CPU
		{1847810E-E630-4344-A24A-6162F03CC1BF}.Ad-Hoc|Any CPU.Build.0 = Release|Any CPU
		{1847810E-E630-4344-A24A-6162F03CC1BF}.Ad-Hoc|ARM.ActiveCfg = Release|Any CPU
		{1847810E-E630-4344-A24A-6162F03CC1BF}.Ad-Hoc|ARM.Build.0 = Release|Any CPU
		{1847810E-E630-4344-A24A-6162F03CC1BF}.Ad-Hoc|iPhone.ActiveCfg = Release|Any CPU
		{1847810E-E630-4344-A24A-6162F03CC1BF}.Ad-Hoc|iPhone.Build.0 = Release|Any CPU
		{1847810E-E630-4344-A24A-6162F03CC1BF}.Ad-Hoc|iPhoneSimulator.ActiveCfg = Release|Any CPU
		{1847810E-E630-4344-A24A-6162F03CC1BF}.Ad-Hoc|iPhoneSimulator.Build.0 = Release|Any CPU
		{1847810E-E630-4344-A24A-6162F03CC1BF}.Ad-Hoc|x86.ActiveCfg = Release|Any CPU
		{1847810E-E630-4344-A24A-6162F03CC1BF}.Ad-Hoc|x86.Build.0 = Release|Any CPU
		{1847810E-E630-4344-A24A-6162F03CC1BF}.AppStore|Any CPU.ActiveCfg = Release|Any CPU
		{1847810E-E630-4344-A24A-6162F03CC1BF}.AppStore|Any CPU.Build.0 = Release|Any CPU
		{1847810E-E630-4344-A24A-6162F03CC1BF}.AppStore|ARM.ActiveCfg = Release|Any CPU
		{1847810E-E630-4344-A24A-6162F03CC1BF}.AppStore|ARM.Build.0 = Release|Any CPU
		{1847810E-E630-4344-A24A-6162F03CC1BF}.AppStore|iPhone.ActiveCfg = Release|Any CPU
		{1847810E-E630-4344-A24A-6162F03CC1BF}.AppStore|iPhone.Build.0 = Release|Any CPU
		{1847810E-E630-4344-A24A-6162F03CC1BF}.AppStore|iPhoneSimulator.ActiveCfg = Release|Any CPU
		{1847810E-E630-4344-A24A-6162F03CC1BF}.AppStore|iPhoneSimulator.Build.0 = Release|Any CPU
		{1847810E-E630-4344-A24A-6162F03CC1BF}.AppStore|x86.ActiveCfg = Release|Any CPU
		{1847810E-E630-4344-A24A-6162F03CC1BF}.AppStore|x86.Build.0 = Release|Any CPU
		{1847810E-E630-4344-A24A-6162F03CC1BF}.Debug|Any CPU.ActiveCfg = Debug|Any CPU
		{1847810E-E630-4344-A24A-6162F03CC1BF}.Debug|Any CPU.Build.0 = Debug|Any CPU
		{1847810E-E630-4344-A24A-6162F03CC1BF}.Debug|ARM.ActiveCfg = Debug|Any CPU
		{1847810E-E630-4344-A24A-6162F03CC1BF}.Debug|ARM.Build.0 = Debug|Any CPU
		{1847810E-E630-4344-A24A-6162F03CC1BF}.Debug|iPhone.ActiveCfg = Debug|Any CPU
		{1847810E-E630-4344-A24A-6162F03CC1BF}.Debug|iPhone.Build.0 = Debug|Any CPU
		{1847810E-E630-4344-A24A-6162F03CC1BF}.Debug|iPhoneSimulator.ActiveCfg = Debug|Any CPU
		{1847810E-E630-4344-A24A-6162F03CC1BF}.Debug|iPhoneSimulator.Build.0 = Debug|Any CPU
		{1847810E-E630-4344-A24A-6162F03CC1BF}.Debug|x86.ActiveCfg = Debug|Any CPU
		{1847810E-E630-4344-A24A-6162F03CC1BF}.Debug|x86.Build.0 = Debug|Any CPU
		{1847810E-E630-4344-A24A-6162F03CC1BF}.Release|Any CPU.ActiveCfg = Release|Any CPU
		{1847810E-E630-4344-A24A-6162F03CC1BF}.Release|Any CPU.Build.0 = Release|Any CPU
		{1847810E-E630-4344-A24A-6162F03CC1BF}.Release|ARM.ActiveCfg = Release|Any CPU
		{1847810E-E630-4344-A24A-6162F03CC1BF}.Release|ARM.Build.0 = Release|Any CPU
		{1847810E-E630-4344-A24A-6162F03CC1BF}.Release|iPhone.ActiveCfg = Release|Any CPU
		{1847810E-E630-4344-A24A-6162F03CC1BF}.Release|iPhone.Build.0 = Release|Any CPU
		{1847810E-E630-4344-A24A-6162F03CC1BF}.Release|iPhoneSimulator.ActiveCfg = Release|Any CPU
		{1847810E-E630-4344-A24A-6162F03CC1BF}.Release|iPhoneSimulator.Build.0 = Release|Any CPU
		{1847810E-E630-4344-A24A-6162F03CC1BF}.Release|x86.ActiveCfg = Release|Any CPU
		{1847810E-E630-4344-A24A-6162F03CC1BF}.Release|x86.Build.0 = Release|Any CPU
		{DCFDD6BD-EEAC-48DD-8C63-099D6312B36F}.Ad-Hoc|Any CPU.ActiveCfg = Ad-Hoc|iPhone
		{DCFDD6BD-EEAC-48DD-8C63-099D6312B36F}.Ad-Hoc|ARM.ActiveCfg = Ad-Hoc|iPhone
		{DCFDD6BD-EEAC-48DD-8C63-099D6312B36F}.Ad-Hoc|iPhone.ActiveCfg = Ad-Hoc|iPhone
		{DCFDD6BD-EEAC-48DD-8C63-099D6312B36F}.Ad-Hoc|iPhone.Build.0 = Ad-Hoc|iPhone
		{DCFDD6BD-EEAC-48DD-8C63-099D6312B36F}.Ad-Hoc|iPhoneSimulator.ActiveCfg = Ad-Hoc|iPhoneSimulator
		{DCFDD6BD-EEAC-48DD-8C63-099D6312B36F}.Ad-Hoc|iPhoneSimulator.Build.0 = Ad-Hoc|iPhoneSimulator
		{DCFDD6BD-EEAC-48DD-8C63-099D6312B36F}.Ad-Hoc|x86.ActiveCfg = Ad-Hoc|iPhone
		{DCFDD6BD-EEAC-48DD-8C63-099D6312B36F}.AppStore|Any CPU.ActiveCfg = AppStore|iPhone
		{DCFDD6BD-EEAC-48DD-8C63-099D6312B36F}.AppStore|ARM.ActiveCfg = AppStore|iPhone
		{DCFDD6BD-EEAC-48DD-8C63-099D6312B36F}.AppStore|iPhone.ActiveCfg = AppStore|iPhone
		{DCFDD6BD-EEAC-48DD-8C63-099D6312B36F}.AppStore|iPhone.Build.0 = AppStore|iPhone
		{DCFDD6BD-EEAC-48DD-8C63-099D6312B36F}.AppStore|iPhoneSimulator.ActiveCfg = AppStore|iPhoneSimulator
		{DCFDD6BD-EEAC-48DD-8C63-099D6312B36F}.AppStore|iPhoneSimulator.Build.0 = AppStore|iPhoneSimulator
		{DCFDD6BD-EEAC-48DD-8C63-099D6312B36F}.AppStore|x86.ActiveCfg = AppStore|iPhone
		{DCFDD6BD-EEAC-48DD-8C63-099D6312B36F}.Debug|Any CPU.ActiveCfg = Debug|iPhone
		{DCFDD6BD-EEAC-48DD-8C63-099D6312B36F}.Debug|ARM.ActiveCfg = Debug|iPhone
		{DCFDD6BD-EEAC-48DD-8C63-099D6312B36F}.Debug|iPhone.ActiveCfg = Debug|iPhone
		{DCFDD6BD-EEAC-48DD-8C63-099D6312B36F}.Debug|iPhone.Build.0 = Debug|iPhone
		{DCFDD6BD-EEAC-48DD-8C63-099D6312B36F}.Debug|iPhoneSimulator.ActiveCfg = Debug|iPhoneSimulator
		{DCFDD6BD-EEAC-48DD-8C63-099D6312B36F}.Debug|iPhoneSimulator.Build.0 = Debug|iPhoneSimulator
		{DCFDD6BD-EEAC-48DD-8C63-099D6312B36F}.Debug|x86.ActiveCfg = Debug|iPhone
		{DCFDD6BD-EEAC-48DD-8C63-099D6312B36F}.Release|Any CPU.ActiveCfg = Release|iPhone
		{DCFDD6BD-EEAC-48DD-8C63-099D6312B36F}.Release|ARM.ActiveCfg = Release|iPhone
		{DCFDD6BD-EEAC-48DD-8C63-099D6312B36F}.Release|iPhone.ActiveCfg = Release|iPhone
		{DCFDD6BD-EEAC-48DD-8C63-099D6312B36F}.Release|iPhone.Build.0 = Release|iPhone
		{DCFDD6BD-EEAC-48DD-8C63-099D6312B36F}.Release|iPhoneSimulator.ActiveCfg = Release|iPhoneSimulator
		{DCFDD6BD-EEAC-48DD-8C63-099D6312B36F}.Release|iPhoneSimulator.Build.0 = Release|iPhoneSimulator
		{DCFDD6BD-EEAC-48DD-8C63-099D6312B36F}.Release|x86.ActiveCfg = Release|iPhone
		{8C9075AC-2974-4FB4-8F69-1142042BEB38}.Ad-Hoc|Any CPU.ActiveCfg = Release|Any CPU
		{8C9075AC-2974-4FB4-8F69-1142042BEB38}.Ad-Hoc|Any CPU.Build.0 = Release|Any CPU
		{8C9075AC-2974-4FB4-8F69-1142042BEB38}.Ad-Hoc|Any CPU.Deploy.0 = Release|Any CPU
		{8C9075AC-2974-4FB4-8F69-1142042BEB38}.Ad-Hoc|ARM.ActiveCfg = Release|Any CPU
		{8C9075AC-2974-4FB4-8F69-1142042BEB38}.Ad-Hoc|ARM.Build.0 = Release|Any CPU
		{8C9075AC-2974-4FB4-8F69-1142042BEB38}.Ad-Hoc|ARM.Deploy.0 = Release|Any CPU
		{8C9075AC-2974-4FB4-8F69-1142042BEB38}.Ad-Hoc|iPhone.ActiveCfg = Release|Any CPU
		{8C9075AC-2974-4FB4-8F69-1142042BEB38}.Ad-Hoc|iPhone.Build.0 = Release|Any CPU
		{8C9075AC-2974-4FB4-8F69-1142042BEB38}.Ad-Hoc|iPhone.Deploy.0 = Release|Any CPU
		{8C9075AC-2974-4FB4-8F69-1142042BEB38}.Ad-Hoc|iPhoneSimulator.ActiveCfg = Release|Any CPU
		{8C9075AC-2974-4FB4-8F69-1142042BEB38}.Ad-Hoc|iPhoneSimulator.Build.0 = Release|Any CPU
		{8C9075AC-2974-4FB4-8F69-1142042BEB38}.Ad-Hoc|iPhoneSimulator.Deploy.0 = Release|Any CPU
		{8C9075AC-2974-4FB4-8F69-1142042BEB38}.Ad-Hoc|x86.ActiveCfg = Release|Any CPU
		{8C9075AC-2974-4FB4-8F69-1142042BEB38}.Ad-Hoc|x86.Build.0 = Release|Any CPU
		{8C9075AC-2974-4FB4-8F69-1142042BEB38}.Ad-Hoc|x86.Deploy.0 = Release|Any CPU
		{8C9075AC-2974-4FB4-8F69-1142042BEB38}.AppStore|Any CPU.ActiveCfg = Release|Any CPU
		{8C9075AC-2974-4FB4-8F69-1142042BEB38}.AppStore|Any CPU.Build.0 = Release|Any CPU
		{8C9075AC-2974-4FB4-8F69-1142042BEB38}.AppStore|Any CPU.Deploy.0 = Release|Any CPU
		{8C9075AC-2974-4FB4-8F69-1142042BEB38}.AppStore|ARM.ActiveCfg = Release|Any CPU
		{8C9075AC-2974-4FB4-8F69-1142042BEB38}.AppStore|ARM.Build.0 = Release|Any CPU
		{8C9075AC-2974-4FB4-8F69-1142042BEB38}.AppStore|ARM.Deploy.0 = Release|Any CPU
		{8C9075AC-2974-4FB4-8F69-1142042BEB38}.AppStore|iPhone.ActiveCfg = Release|Any CPU
		{8C9075AC-2974-4FB4-8F69-1142042BEB38}.AppStore|iPhone.Build.0 = Release|Any CPU
		{8C9075AC-2974-4FB4-8F69-1142042BEB38}.AppStore|iPhone.Deploy.0 = Release|Any CPU
		{8C9075AC-2974-4FB4-8F69-1142042BEB38}.AppStore|iPhoneSimulator.ActiveCfg = Release|Any CPU
		{8C9075AC-2974-4FB4-8F69-1142042BEB38}.AppStore|iPhoneSimulator.Build.0 = Release|Any CPU
		{8C9075AC-2974-4FB4-8F69-1142042BEB38}.AppStore|iPhoneSimulator.Deploy.0 = Release|Any CPU
		{8C9075AC-2974-4FB4-8F69-1142042BEB38}.AppStore|x86.ActiveCfg = Release|Any CPU
		{8C9075AC-2974-4FB4-8F69-1142042BEB38}.AppStore|x86.Build.0 = Release|Any CPU
		{8C9075AC-2974-4FB4-8F69-1142042BEB38}.AppStore|x86.Deploy.0 = Release|Any CPU
		{8C9075AC-2974-4FB4-8F69-1142042BEB38}.Debug|Any CPU.ActiveCfg = Debug|Any CPU
		{8C9075AC-2974-4FB4-8F69-1142042BEB38}.Debug|Any CPU.Build.0 = Debug|Any CPU
		{8C9075AC-2974-4FB4-8F69-1142042BEB38}.Debug|Any CPU.Deploy.0 = Debug|Any CPU
		{8C9075AC-2974-4FB4-8F69-1142042BEB38}.Debug|ARM.ActiveCfg = Debug|Any CPU
		{8C9075AC-2974-4FB4-8F69-1142042BEB38}.Debug|ARM.Build.0 = Debug|Any CPU
		{8C9075AC-2974-4FB4-8F69-1142042BEB38}.Debug|ARM.Deploy.0 = Debug|Any CPU
		{8C9075AC-2974-4FB4-8F69-1142042BEB38}.Debug|iPhone.ActiveCfg = Debug|Any CPU
		{8C9075AC-2974-4FB4-8F69-1142042BEB38}.Debug|iPhone.Build.0 = Debug|Any CPU
		{8C9075AC-2974-4FB4-8F69-1142042BEB38}.Debug|iPhone.Deploy.0 = Debug|Any CPU
		{8C9075AC-2974-4FB4-8F69-1142042BEB38}.Debug|iPhoneSimulator.ActiveCfg = Debug|Any CPU
		{8C9075AC-2974-4FB4-8F69-1142042BEB38}.Debug|iPhoneSimulator.Build.0 = Debug|Any CPU
		{8C9075AC-2974-4FB4-8F69-1142042BEB38}.Debug|iPhoneSimulator.Deploy.0 = Debug|Any CPU
		{8C9075AC-2974-4FB4-8F69-1142042BEB38}.Debug|x86.ActiveCfg = Debug|Any CPU
		{8C9075AC-2974-4FB4-8F69-1142042BEB38}.Debug|x86.Build.0 = Debug|Any CPU
		{8C9075AC-2974-4FB4-8F69-1142042BEB38}.Debug|x86.Deploy.0 = Debug|Any CPU
		{8C9075AC-2974-4FB4-8F69-1142042BEB38}.Release|Any CPU.ActiveCfg = Release|Any CPU
		{8C9075AC-2974-4FB4-8F69-1142042BEB38}.Release|Any CPU.Build.0 = Release|Any CPU
		{8C9075AC-2974-4FB4-8F69-1142042BEB38}.Release|Any CPU.Deploy.0 = Release|Any CPU
		{8C9075AC-2974-4FB4-8F69-1142042BEB38}.Release|ARM.ActiveCfg = Release|Any CPU
		{8C9075AC-2974-4FB4-8F69-1142042BEB38}.Release|ARM.Build.0 = Release|Any CPU
		{8C9075AC-2974-4FB4-8F69-1142042BEB38}.Release|ARM.Deploy.0 = Release|Any CPU
		{8C9075AC-2974-4FB4-8F69-1142042BEB38}.Release|iPhone.ActiveCfg = Release|Any CPU
		{8C9075AC-2974-4FB4-8F69-1142042BEB38}.Release|iPhone.Build.0 = Release|Any CPU
		{8C9075AC-2974-4FB4-8F69-1142042BEB38}.Release|iPhone.Deploy.0 = Release|Any CPU
		{8C9075AC-2974-4FB4-8F69-1142042BEB38}.Release|iPhoneSimulator.ActiveCfg = Release|Any CPU
		{8C9075AC-2974-4FB4-8F69-1142042BEB38}.Release|iPhoneSimulator.Build.0 = Release|Any CPU
		{8C9075AC-2974-4FB4-8F69-1142042BEB38}.Release|iPhoneSimulator.Deploy.0 = Release|Any CPU
		{8C9075AC-2974-4FB4-8F69-1142042BEB38}.Release|x86.ActiveCfg = Release|Any CPU
		{8C9075AC-2974-4FB4-8F69-1142042BEB38}.Release|x86.Build.0 = Release|Any CPU
		{8C9075AC-2974-4FB4-8F69-1142042BEB38}.Release|x86.Deploy.0 = Release|Any CPU
		{A1CF5469-4F4C-48B0-B721-5049C0770D4B}.Ad-Hoc|Any CPU.ActiveCfg = Release|Any CPU
		{A1CF5469-4F4C-48B0-B721-5049C0770D4B}.Ad-Hoc|Any CPU.Build.0 = Release|Any CPU
		{A1CF5469-4F4C-48B0-B721-5049C0770D4B}.Ad-Hoc|Any CPU.Deploy.0 = Release|Any CPU
		{A1CF5469-4F4C-48B0-B721-5049C0770D4B}.Ad-Hoc|ARM.ActiveCfg = Release|ARM
		{A1CF5469-4F4C-48B0-B721-5049C0770D4B}.Ad-Hoc|ARM.Build.0 = Release|ARM
		{A1CF5469-4F4C-48B0-B721-5049C0770D4B}.Ad-Hoc|ARM.Deploy.0 = Release|ARM
		{A1CF5469-4F4C-48B0-B721-5049C0770D4B}.Ad-Hoc|iPhone.ActiveCfg = Release|Any CPU
		{A1CF5469-4F4C-48B0-B721-5049C0770D4B}.Ad-Hoc|iPhone.Build.0 = Release|Any CPU
		{A1CF5469-4F4C-48B0-B721-5049C0770D4B}.Ad-Hoc|iPhone.Deploy.0 = Release|Any CPU
		{A1CF5469-4F4C-48B0-B721-5049C0770D4B}.Ad-Hoc|iPhoneSimulator.ActiveCfg = Release|Any CPU
		{A1CF5469-4F4C-48B0-B721-5049C0770D4B}.Ad-Hoc|iPhoneSimulator.Build.0 = Release|Any CPU
		{A1CF5469-4F4C-48B0-B721-5049C0770D4B}.Ad-Hoc|iPhoneSimulator.Deploy.0 = Release|Any CPU
		{A1CF5469-4F4C-48B0-B721-5049C0770D4B}.Ad-Hoc|x86.ActiveCfg = Release|x86
		{A1CF5469-4F4C-48B0-B721-5049C0770D4B}.Ad-Hoc|x86.Build.0 = Release|x86
		{A1CF5469-4F4C-48B0-B721-5049C0770D4B}.Ad-Hoc|x86.Deploy.0 = Release|x86
		{A1CF5469-4F4C-48B0-B721-5049C0770D4B}.AppStore|Any CPU.ActiveCfg = Release|Any CPU
		{A1CF5469-4F4C-48B0-B721-5049C0770D4B}.AppStore|Any CPU.Build.0 = Release|Any CPU
		{A1CF5469-4F4C-48B0-B721-5049C0770D4B}.AppStore|Any CPU.Deploy.0 = Release|Any CPU
		{A1CF5469-4F4C-48B0-B721-5049C0770D4B}.AppStore|ARM.ActiveCfg = Release|ARM
		{A1CF5469-4F4C-48B0-B721-5049C0770D4B}.AppStore|ARM.Build.0 = Release|ARM
		{A1CF5469-4F4C-48B0-B721-5049C0770D4B}.AppStore|ARM.Deploy.0 = Release|ARM
		{A1CF5469-4F4C-48B0-B721-5049C0770D4B}.AppStore|iPhone.ActiveCfg = Release|Any CPU
		{A1CF5469-4F4C-48B0-B721-5049C0770D4B}.AppStore|iPhone.Build.0 = Release|Any CPU
		{A1CF5469-4F4C-48B0-B721-5049C0770D4B}.AppStore|iPhone.Deploy.0 = Release|Any CPU
		{A1CF5469-4F4C-48B0-B721-5049C0770D4B}.AppStore|iPhoneSimulator.ActiveCfg = Release|Any CPU
		{A1CF5469-4F4C-48B0-B721-5049C0770D4B}.AppStore|iPhoneSimulator.Build.0 = Release|Any CPU
		{A1CF5469-4F4C-48B0-B721-5049C0770D4B}.AppStore|iPhoneSimulator.Deploy.0 = Release|Any CPU
		{A1CF5469-4F4C-48B0-B721-5049C0770D4B}.AppStore|x86.ActiveCfg = Release|x86
		{A1CF5469-4F4C-48B0-B721-5049C0770D4B}.AppStore|x86.Build.0 = Release|x86
		{A1CF5469-4F4C-48B0-B721-5049C0770D4B}.AppStore|x86.Deploy.0 = Release|x86
		{A1CF5469-4F4C-48B0-B721-5049C0770D4B}.Debug|Any CPU.ActiveCfg = Debug|Any CPU
		{A1CF5469-4F4C-48B0-B721-5049C0770D4B}.Debug|Any CPU.Build.0 = Debug|Any CPU
		{A1CF5469-4F4C-48B0-B721-5049C0770D4B}.Debug|Any CPU.Deploy.0 = Debug|Any CPU
		{A1CF5469-4F4C-48B0-B721-5049C0770D4B}.Debug|ARM.ActiveCfg = Debug|ARM
		{A1CF5469-4F4C-48B0-B721-5049C0770D4B}.Debug|ARM.Build.0 = Debug|ARM
		{A1CF5469-4F4C-48B0-B721-5049C0770D4B}.Debug|ARM.Deploy.0 = Debug|ARM
		{A1CF5469-4F4C-48B0-B721-5049C0770D4B}.Debug|iPhone.ActiveCfg = Debug|Any CPU
		{A1CF5469-4F4C-48B0-B721-5049C0770D4B}.Debug|iPhone.Build.0 = Debug|Any CPU
		{A1CF5469-4F4C-48B0-B721-5049C0770D4B}.Debug|iPhone.Deploy.0 = Debug|Any CPU
		{A1CF5469-4F4C-48B0-B721-5049C0770D4B}.Debug|iPhoneSimulator.ActiveCfg = Debug|Any CPU
		{A1CF5469-4F4C-48B0-B721-5049C0770D4B}.Debug|iPhoneSimulator.Build.0 = Debug|Any CPU
		{A1CF5469-4F4C-48B0-B721-5049C0770D4B}.Debug|iPhoneSimulator.Deploy.0 = Debug|Any CPU
		{A1CF5469-4F4C-48B0-B721-5049C0770D4B}.Debug|x86.ActiveCfg = Debug|x86
		{A1CF5469-4F4C-48B0-B721-5049C0770D4B}.Debug|x86.Build.0 = Debug|x86
		{A1CF5469-4F4C-48B0-B721-5049C0770D4B}.Debug|x86.Deploy.0 = Debug|x86
		{A1CF5469-4F4C-48B0-B721-5049C0770D4B}.Release|Any CPU.ActiveCfg = Release|Any CPU
		{A1CF5469-4F4C-48B0-B721-5049C0770D4B}.Release|Any CPU.Build.0 = Release|Any CPU
		{A1CF5469-4F4C-48B0-B721-5049C0770D4B}.Release|Any CPU.Deploy.0 = Release|Any CPU
		{A1CF5469-4F4C-48B0-B721-5049C0770D4B}.Release|ARM.ActiveCfg = Release|ARM
		{A1CF5469-4F4C-48B0-B721-5049C0770D4B}.Release|ARM.Build.0 = Release|ARM
		{A1CF5469-4F4C-48B0-B721-5049C0770D4B}.Release|ARM.Deploy.0 = Release|ARM
		{A1CF5469-4F4C-48B0-B721-5049C0770D4B}.Release|iPhone.ActiveCfg = Release|Any CPU
		{A1CF5469-4F4C-48B0-B721-5049C0770D4B}.Release|iPhone.Build.0 = Release|Any CPU
		{A1CF5469-4F4C-48B0-B721-5049C0770D4B}.Release|iPhone.Deploy.0 = Release|Any CPU
		{A1CF5469-4F4C-48B0-B721-5049C0770D4B}.Release|iPhoneSimulator.ActiveCfg = Release|Any CPU
		{A1CF5469-4F4C-48B0-B721-5049C0770D4B}.Release|iPhoneSimulator.Build.0 = Release|Any CPU
		{A1CF5469-4F4C-48B0-B721-5049C0770D4B}.Release|iPhoneSimulator.Deploy.0 = Release|Any CPU
		{A1CF5469-4F4C-48B0-B721-5049C0770D4B}.Release|x86.ActiveCfg = Release|x86
		{A1CF5469-4F4C-48B0-B721-5049C0770D4B}.Release|x86.Build.0 = Release|x86
		{A1CF5469-4F4C-48B0-B721-5049C0770D4B}.Release|x86.Deploy.0 = Release|x86
	EndGlobalSection
	GlobalSection(SolutionProperties) = preSolution
		HideSolutionNode = FALSE
	EndGlobalSection
	GlobalSection(NestedProjects) = preSolution
		{819908CE-8559-4BF9-8662-C989018769D7} = {8CC56176-CAEC-4D0F-84A2-48249D240F65}
		{DA86470E-FA96-4036-BDA4-C10C7EC180CF} = {8CC56176-CAEC-4D0F-84A2-48249D240F65}
		{3BE5E8D9-3871-4F1B-A789-346BC0E37773} = {8CC56176-CAEC-4D0F-84A2-48249D240F65}
		{DCFDD6BD-EEAC-48DD-8C63-099D6312B36F} = {99DDD8BA-46FE-435C-B0BE-0D797AF03AA4}
		{8C9075AC-2974-4FB4-8F69-1142042BEB38} = {99DDD8BA-46FE-435C-B0BE-0D797AF03AA4}
		{A1CF5469-4F4C-48B0-B721-5049C0770D4B} = {99DDD8BA-46FE-435C-B0BE-0D797AF03AA4}
	EndGlobalSection
EndGlobal
